
Microsoft Visual Studio Solution File, Format Version 12.00
# Visual Studio Version 16
VisualStudioVersion = 16.0.31624.102
MinimumVisualStudioVersion = 10.0.40219.1
Project("{FAE04EC0-301F-11D3-BF4B-00C04F79EFBC}") = "MutableStrings", "MutableStrings.csproj", "{E6E15B0A-14CC-4DF3-8672-50C49101D060}"
EndProject
Global
	GlobalSection(SolutionConfigurationPlatforms) = preSolution
		Debug|Any CPU = Debug|Any CPU
		Release|Any CPU = Release|Any CPU
	EndGlobalSection
	GlobalSection(ProjectConfigurationPlatforms) = postSolution
		{E6E15B0A-14CC-4DF3-8672-50C49101D060}.Debug|Any CPU.ActiveCfg = Debug|Any CPU
		{E6E15B0A-14CC-4DF3-8672-50C49101D060}.Debug|Any CPU.Build.0 = Debug|Any CPU
		{E6E15B0A-14CC-4DF3-8672-50C49101D060}.Release|Any CPU.ActiveCfg = Release|Any CPU
		{E6E15B0A-14CC-4DF3-8672-50C49101D060}.Release|Any CPU.Build.0 = Release|Any CPU
	EndGlobalSection
	GlobalSection(SolutionProperties) = preSolution
		HideSolutionNode = FALSE
	EndGlobalSection
	GlobalSection(ExtensibilityGlobals) = postSolution
		SolutionGuid = {DDB0A5F3-EF0A-4B2E-BBE9-8E069B16D20D}
	EndGlobalSection
EndGlobal
