
Microsoft Visual Studio Solution File, Format Version 12.00
# Visual Studio Version 16
VisualStudioVersion = 16.0.31702.278
MinimumVisualStudioVersion = 10.0.40219.1
Project("{FAE04EC0-301F-11D3-BF4B-00C04F79EFBC}") = "WinFormsApp(Hello_World)", "WinFormsApp(Hello_World).csproj", "{AADAFA0A-D50E-4653-9638-E82CB91B609C}"
EndProject
Global
	GlobalSection(SolutionConfigurationPlatforms) = preSolution
		Debug|Any CPU = Debug|Any CPU
		Release|Any CPU = Release|Any CPU
	EndGlobalSection
	GlobalSection(ProjectConfigurationPlatforms) = postSolution
		{AADAFA0A-D50E-4653-9638-E82CB91B609C}.Debug|Any CPU.ActiveCfg = Debug|Any CPU
		{AADAFA0A-D50E-4653-9638-E82CB91B609C}.Debug|Any CPU.Build.0 = Debug|Any CPU
		{AADAFA0A-D50E-4653-9638-E82CB91B609C}.Release|Any CPU.ActiveCfg = Release|Any CPU
		{AADAFA0A-D50E-4653-9638-E82CB91B609C}.Release|Any CPU.Build.0 = Release|Any CPU
	EndGlobalSection
	GlobalSection(SolutionProperties) = preSolution
		HideSolutionNode = FALSE
	EndGlobalSection
	GlobalSection(ExtensibilityGlobals) = postSolution
		SolutionGuid = {F564E03D-F2F8-426C-B80E-9B4701868BFB}
	EndGlobalSection
EndGlobal
