
Microsoft Visual Studio Solution File, Format Version 12.00
# Visual Studio Version 16
VisualStudioVersion = 16.0.31515.178
MinimumVisualStudioVersion = 10.0.40219.1
Project("{FAE04EC0-301F-11D3-BF4B-00C04F79EFBC}") = "Copy Constructor", "Copy Constructor.csproj", "{580872C8-2E5E-4645-80DF-CCEA5C98399E}"
EndProject
Global
	GlobalSection(SolutionConfigurationPlatforms) = preSolution
		Debug|Any CPU = Debug|Any CPU
		Release|Any CPU = Release|Any CPU
	EndGlobalSection
	GlobalSection(ProjectConfigurationPlatforms) = postSolution
		{580872C8-2E5E-4645-80DF-CCEA5C98399E}.Debug|Any CPU.ActiveCfg = Debug|Any CPU
		{580872C8-2E5E-4645-80DF-CCEA5C98399E}.Debug|Any CPU.Build.0 = Debug|Any CPU
		{580872C8-2E5E-4645-80DF-CCEA5C98399E}.Release|Any CPU.ActiveCfg = Release|Any CPU
		{580872C8-2E5E-4645-80DF-CCEA5C98399E}.Release|Any CPU.Build.0 = Release|Any CPU
	EndGlobalSection
	GlobalSection(SolutionProperties) = preSolution
		HideSolutionNode = FALSE
	EndGlobalSection
	GlobalSection(ExtensibilityGlobals) = postSolution
		SolutionGuid = {C1AB5909-D37D-4716-88DD-F1074DD02055}
	EndGlobalSection
EndGlobal
