
Microsoft Visual Studio Solution File, Format Version 12.00
# Visual Studio Version 16
VisualStudioVersion = 16.0.31702.278
MinimumVisualStudioVersion = 10.0.40219.1
Project("{FAE04EC0-301F-11D3-BF4B-00C04F79EFBC}") = "SealedMethod", "SealedMethod.csproj", "{73D20C62-3E54-4890-985A-6FD2E0C28B9B}"
EndProject
Global
	GlobalSection(SolutionConfigurationPlatforms) = preSolution
		Debug|Any CPU = Debug|Any CPU
		Release|Any CPU = Release|Any CPU
	EndGlobalSection
	GlobalSection(ProjectConfigurationPlatforms) = postSolution
		{73D20C62-3E54-4890-985A-6FD2E0C28B9B}.Debug|Any CPU.ActiveCfg = Debug|Any CPU
		{73D20C62-3E54-4890-985A-6FD2E0C28B9B}.Debug|Any CPU.Build.0 = Debug|Any CPU
		{73D20C62-3E54-4890-985A-6FD2E0C28B9B}.Release|Any CPU.ActiveCfg = Release|Any CPU
		{73D20C62-3E54-4890-985A-6FD2E0C28B9B}.Release|Any CPU.Build.0 = Release|Any CPU
	EndGlobalSection
	GlobalSection(SolutionProperties) = preSolution
		HideSolutionNode = FALSE
	EndGlobalSection
	GlobalSection(ExtensibilityGlobals) = postSolution
		SolutionGuid = {27ACB7CF-2F46-4723-8D17-7552A5BC6CEB}
	EndGlobalSection
EndGlobal
