
Microsoft Visual Studio Solution File, Format Version 12.00
# Visual Studio Version 16
VisualStudioVersion = 16.0.31624.102
MinimumVisualStudioVersion = 10.0.40219.1
Project("{FAE04EC0-301F-11D3-BF4B-00C04F79EFBC}") = "MultiCast Delegate", "MultiCast Delegate.csproj", "{129E0421-B25A-4878-B23B-17819A96BD97}"
EndProject
Global
	GlobalSection(SolutionConfigurationPlatforms) = preSolution
		Debug|Any CPU = Debug|Any CPU
		Release|Any CPU = Release|Any CPU
	EndGlobalSection
	GlobalSection(ProjectConfigurationPlatforms) = postSolution
		{129E0421-B25A-4878-B23B-17819A96BD97}.Debug|Any CPU.ActiveCfg = Debug|Any CPU
		{129E0421-B25A-4878-B23B-17819A96BD97}.Debug|Any CPU.Build.0 = Debug|Any CPU
		{129E0421-B25A-4878-B23B-17819A96BD97}.Release|Any CPU.ActiveCfg = Release|Any CPU
		{129E0421-B25A-4878-B23B-17819A96BD97}.Release|Any CPU.Build.0 = Release|Any CPU
	EndGlobalSection
	GlobalSection(SolutionProperties) = preSolution
		HideSolutionNode = FALSE
	EndGlobalSection
	GlobalSection(ExtensibilityGlobals) = postSolution
		SolutionGuid = {11911ACE-80A9-41FD-93DE-457AF5DEE8CE}
	EndGlobalSection
EndGlobal
