
Microsoft Visual Studio Solution File, Format Version 12.00
# Visual Studio Version 16
VisualStudioVersion = 16.0.31624.102
MinimumVisualStudioVersion = 10.0.40219.1
Project("{FAE04EC0-301F-11D3-BF4B-00C04F79EFBC}") = "Delegates", "Delegates.csproj", "{FD35A1BE-9A36-41D7-9DC0-20911E8D8455}"
EndProject
Global
	GlobalSection(SolutionConfigurationPlatforms) = preSolution
		Debug|Any CPU = Debug|Any CPU
		Release|Any CPU = Release|Any CPU
	EndGlobalSection
	GlobalSection(ProjectConfigurationPlatforms) = postSolution
		{FD35A1BE-9A36-41D7-9DC0-20911E8D8455}.Debug|Any CPU.ActiveCfg = Debug|Any CPU
		{FD35A1BE-9A36-41D7-9DC0-20911E8D8455}.Debug|Any CPU.Build.0 = Debug|Any CPU
		{FD35A1BE-9A36-41D7-9DC0-20911E8D8455}.Release|Any CPU.ActiveCfg = Release|Any CPU
		{FD35A1BE-9A36-41D7-9DC0-20911E8D8455}.Release|Any CPU.Build.0 = Release|Any CPU
	EndGlobalSection
	GlobalSection(SolutionProperties) = preSolution
		HideSolutionNode = FALSE
	EndGlobalSection
	GlobalSection(ExtensibilityGlobals) = postSolution
		SolutionGuid = {0837883E-9188-465C-A259-2FB5CF941961}
	EndGlobalSection
EndGlobal
