
Microsoft Visual Studio Solution File, Format Version 12.00
# Visual Studio Version 16
VisualStudioVersion = 16.0.31515.178
MinimumVisualStudioVersion = 10.0.40219.1
Project("{FAE04EC0-301F-11D3-BF4B-00C04F79EFBC}") = "Static and Private Constructor", "Static and Private Constructor.csproj", "{52E3A523-8066-4073-BAFA-12B94C3D461B}"
EndProject
Global
	GlobalSection(SolutionConfigurationPlatforms) = preSolution
		Debug|Any CPU = Debug|Any CPU
		Release|Any CPU = Release|Any CPU
	EndGlobalSection
	GlobalSection(ProjectConfigurationPlatforms) = postSolution
		{52E3A523-8066-4073-BAFA-12B94C3D461B}.Debug|Any CPU.ActiveCfg = Debug|Any CPU
		{52E3A523-8066-4073-BAFA-12B94C3D461B}.Debug|Any CPU.Build.0 = Debug|Any CPU
		{52E3A523-8066-4073-BAFA-12B94C3D461B}.Release|Any CPU.ActiveCfg = Release|Any CPU
		{52E3A523-8066-4073-BAFA-12B94C3D461B}.Release|Any CPU.Build.0 = Release|Any CPU
	EndGlobalSection
	GlobalSection(SolutionProperties) = preSolution
		HideSolutionNode = FALSE
	EndGlobalSection
	GlobalSection(ExtensibilityGlobals) = postSolution
		SolutionGuid = {34B2ED49-F6E5-4F56-AD16-C6D72971D996}
	EndGlobalSection
EndGlobal
