
Microsoft Visual Studio Solution File, Format Version 12.00
# Visual Studio Version 16
VisualStudioVersion = 16.0.31702.278
MinimumVisualStudioVersion = 10.0.40219.1
Project("{FAE04EC0-301F-11D3-BF4B-00C04F79EFBC}") = "UserExceptionHandling", "UserExceptionHandling.csproj", "{C252B4E9-76A1-4C66-AB33-678315914DA0}"
EndProject
Global
	GlobalSection(SolutionConfigurationPlatforms) = preSolution
		Debug|Any CPU = Debug|Any CPU
		Release|Any CPU = Release|Any CPU
	EndGlobalSection
	GlobalSection(ProjectConfigurationPlatforms) = postSolution
		{C252B4E9-76A1-4C66-AB33-678315914DA0}.Debug|Any CPU.ActiveCfg = Debug|Any CPU
		{C252B4E9-76A1-4C66-AB33-678315914DA0}.Debug|Any CPU.Build.0 = Debug|Any CPU
		{C252B4E9-76A1-4C66-AB33-678315914DA0}.Release|Any CPU.ActiveCfg = Release|Any CPU
		{C252B4E9-76A1-4C66-AB33-678315914DA0}.Release|Any CPU.Build.0 = Release|Any CPU
	EndGlobalSection
	GlobalSection(SolutionProperties) = preSolution
		HideSolutionNode = FALSE
	EndGlobalSection
	GlobalSection(ExtensibilityGlobals) = postSolution
		SolutionGuid = {7D15707C-6915-4711-9B4B-5EA281C751EC}
	EndGlobalSection
EndGlobal
